
Microsoft Visual Studio Solution File, Format Version 12.00
# Visual Studio Version 17
VisualStudioVersion = 17.3.32922.545
MinimumVisualStudioVersion = 10.0.40219.1
Project("{FAE04EC0-301F-11D3-BF4B-00C04F79EFBC}") = "Snooker", "Snooker.csproj", "{1FD5C92A-8CE5-4F09-BB73-91766F9C1E75}"
EndProject
Global
	GlobalSection(SolutionConfigurationPlatforms) = preSolution
		Debug|Any CPU = Debug|Any CPU
		Release|Any CPU = Release|Any CPU
	EndGlobalSection
	GlobalSection(ProjectConfigurationPlatforms) = postSolution
		{1FD5C92A-8CE5-4F09-BB73-91766F9C1E75}.Debug|Any CPU.ActiveCfg = Debug|Any CPU
		{1FD5C92A-8CE5-4F09-BB73-91766F9C1E75}.Debug|Any CPU.Build.0 = Debug|Any CPU
		{1FD5C92A-8CE5-4F09-BB73-91766F9C1E75}.Release|Any CPU.ActiveCfg = Release|Any CPU
		{1FD5C92A-8CE5-4F09-BB73-91766F9C1E75}.Release|Any CPU.Build.0 = Release|Any CPU
	EndGlobalSection
	GlobalSection(SolutionProperties) = preSolution
		HideSolutionNode = FALSE
	EndGlobalSection
	GlobalSection(ExtensibilityGlobals) = postSolution
		SolutionGuid = {C9274ACC-8C6A-4A3D-8202-5707A686A00A}
	EndGlobalSection
EndGlobal
